<Solution>
  <Folder Name="/Api/" />
  <Folder Name="/Api/src/">
    <Project Path="Api/src/UrlShortener.Core/UrlShortener.Core.csproj" />
    <Project Path="Api\src\UrlShortener.Api\UrlShortener.Api.csproj" />
  </Folder>
  <Folder Name="/Api/tests/">
    <Project Path="Api/tests/UrlShortener.Api.Core.Tests/UrlShortener.Api.Core.Tests.csproj" />
  </Folder>
</Solution>
